// !$*UTF8*$!
{
	archiveVersion = 1;
	classes = {
	};
	objectVersion = 77;
	objects = {

/* Begin PBXBuildFile section */
		AB56B74F2C99EA8800FEA9DE /* Assets.xcassets in Resources */ = {isa = PBXBuildFile; fileRef = AB56B7462C99EA8800FEA9DE /* Assets.xcassets */; };
		AB56B7512C99EA8800FEA9DE /* LaunchScreen.storyboard in Resources */ = {isa = PBXBuildFile; fileRef = AB56B7492C99EA8800FEA9DE /* LaunchScreen.storyboard */; };
		AB56B7522C99EA8800FEA9DE /* Main.storyboard in Resources */ = {isa = PBXBuildFile; fileRef = AB56B74B2C99EA8800FEA9DE /* Main.storyboard */; };
		AB56B7532C99EA8800FEA9DE /* APIClient.swift in Sources */ = {isa = PBXBuildFile; fileRef = AB56B7422C99EA8800FEA9DE /* APIClient.swift */; };
		AB56B7542C99EA8800FEA9DE /* NetworkConstants.swift in Sources */ = {isa = PBXBuildFile; fileRef = AB56B7432C99EA8800FEA9DE /* NetworkConstants.swift */; };
		AB56B7552C99EA8800FEA9DE /* AppDelegate.swift in Sources */ = {isa = PBXBuildFile; fileRef = AB56B7452C99EA8800FEA9DE /* AppDelegate.swift */; };
		AB56B7562C99EA8800FEA9DE /* SceneDelegate.swift in Sources */ = {isa = PBXBuildFile; fileRef = AB56B74C2C99EA8800FEA9DE /* SceneDelegate.swift */; };
		AB56B7572C99EA8800FEA9DE /* ViewController.swift in Sources */ = {isa = PBXBuildFile; fileRef = AB56B74D2C99EA8800FEA9DE /* ViewController.swift */; };
		AB56B7592C99EAAE00FEA9DE /* Service.swift in Sources */ = {isa = PBXBuildFile; fileRef = AB56B7582C99EAAC00FEA9DE /* Service.swift */; };
		AB56B75C2C99EB1A00FEA9DE /* Typealias.swift in Sources */ = {isa = PBXBuildFile; fileRef = AB56B75B2C99EB1800FEA9DE /* Typealias.swift */; };
		AB56B75F2C99EB5700FEA9DE /* NetworkEnums.swift in Sources */ = {isa = PBXBuildFile; fileRef = AB56B75E2C99EB5400FEA9DE /* NetworkEnums.swift */; };
		AB56B7612C99EB8F00FEA9DE /* URLSessionProtocol.swift in Sources */ = {isa = PBXBuildFile; fileRef = AB56B7602C99EB8C00FEA9DE /* URLSessionProtocol.swift */; };
		AB56B7642C99EBDD00FEA9DE /* URLComponents.swift in Sources */ = {isa = PBXBuildFile; fileRef = AB56B7632C99EBDA00FEA9DE /* URLComponents.swift */; };
		AB56B7662C99EBEF00FEA9DE /* URLRequest.swift in Sources */ = {isa = PBXBuildFile; fileRef = AB56B7652C99EBED00FEA9DE /* URLRequest.swift */; };
		AB56B7682C99EC0700FEA9DE /* URLSession.swift in Sources */ = {isa = PBXBuildFile; fileRef = AB56B7672C99EC0400FEA9DE /* URLSession.swift */; };
		AB56B76B2C99ECC100FEA9DE /* Response.swift in Sources */ = {isa = PBXBuildFile; fileRef = AB56B76A2C99ECBE00FEA9DE /* Response.swift */; };
		AB56B76D2C99ECE300FEA9DE /* Movie.swift in Sources */ = {isa = PBXBuildFile; fileRef = AB56B76C2C99ECE100FEA9DE /* Movie.swift */; };
		AB56B76F2C99ED0800FEA9DE /* MovieDetail.swift in Sources */ = {isa = PBXBuildFile; fileRef = AB56B76E2C99ED0600FEA9DE /* MovieDetail.swift */; };
		AB56B7762C9A2E0600FEA9DE /* StoryboardInstanciable.swift in Sources */ = {isa = PBXBuildFile; fileRef = AB56B7752C9A2E0400FEA9DE /* StoryboardInstanciable.swift */; };
		AB56B7782C9A2E3400FEA9DE /* Storyboard.swift in Sources */ = {isa = PBXBuildFile; fileRef = AB56B7772C9A2E3100FEA9DE /* Storyboard.swift */; };
		AB56B77A2C9A2EAA00FEA9DE /* Bindable.swift in Sources */ = {isa = PBXBuildFile; fileRef = AB56B7792C9A2EA800FEA9DE /* Bindable.swift */; };
		AB56B77C2C9A2ED600FEA9DE /* Router.swift in Sources */ = {isa = PBXBuildFile; fileRef = AB56B77B2C9A2ED400FEA9DE /* Router.swift */; };
		AB56B77E2C9A2F0C00FEA9DE /* Alert.swift in Sources */ = {isa = PBXBuildFile; fileRef = AB56B77D2C9A2F0A00FEA9DE /* Alert.swift */; };
		AB56B7802C9A2F3500FEA9DE /* AlertBuilder.swift in Sources */ = {isa = PBXBuildFile; fileRef = AB56B77F2C9A2F3300FEA9DE /* AlertBuilder.swift */; };
		AB56B7822C9A2FA100FEA9DE /* DictionaryExtension.swift in Sources */ = {isa = PBXBuildFile; fileRef = AB56B7812C9A2F9E00FEA9DE /* DictionaryExtension.swift */; };
/* End PBXBuildFile section */

/* Begin PBXContainerItemProxy section */
		AB56B71E2C99E55B00FEA9DE /* PBXContainerItemProxy */ = {
			isa = PBXContainerItemProxy;
			containerPortal = AB56B6FF2C99E55900FEA9DE /* Project object */;
			proxyType = 1;
			remoteGlobalIDString = AB56B7062C99E55A00FEA9DE;
			remoteInfo = MovieNight;
		};
		AB56B7282C99E55B00FEA9DE /* PBXContainerItemProxy */ = {
			isa = PBXContainerItemProxy;
			containerPortal = AB56B6FF2C99E55900FEA9DE /* Project object */;
			proxyType = 1;
			remoteGlobalIDString = AB56B7062C99E55A00FEA9DE;
			remoteInfo = MovieNight;
		};
/* End PBXContainerItemProxy section */

/* Begin PBXFileReference section */
		AB56B7072C99E55A00FEA9DE /* MovieNight.app */ = {isa = PBXFileReference; explicitFileType = wrapper.application; includeInIndex = 0; path = MovieNight.app; sourceTree = BUILT_PRODUCTS_DIR; };
		AB56B71D2C99E55B00FEA9DE /* MovieNightTests.xctest */ = {isa = PBXFileReference; explicitFileType = wrapper.cfbundle; includeInIndex = 0; path = MovieNightTests.xctest; sourceTree = BUILT_PRODUCTS_DIR; };
		AB56B7272C99E55B00FEA9DE /* MovieNightUITests.xctest */ = {isa = PBXFileReference; explicitFileType = wrapper.cfbundle; includeInIndex = 0; path = MovieNightUITests.xctest; sourceTree = BUILT_PRODUCTS_DIR; };
		AB56B7422C99EA8800FEA9DE /* APIClient.swift */ = {isa = PBXFileReference; lastKnownFileType = sourcecode.swift; path = APIClient.swift; sourceTree = "<group>"; };
		AB56B7432C99EA8800FEA9DE /* NetworkConstants.swift */ = {isa = PBXFileReference; lastKnownFileType = sourcecode.swift; path = NetworkConstants.swift; sourceTree = "<group>"; };
		AB56B7452C99EA8800FEA9DE /* AppDelegate.swift */ = {isa = PBXFileReference; lastKnownFileType = sourcecode.swift; path = AppDelegate.swift; sourceTree = "<group>"; };
		AB56B7462C99EA8800FEA9DE /* Assets.xcassets */ = {isa = PBXFileReference; lastKnownFileType = folder.assetcatalog; path = Assets.xcassets; sourceTree = "<group>"; };
		AB56B7472C99EA8800FEA9DE /* Info.plist */ = {isa = PBXFileReference; lastKnownFileType = text.plist.xml; path = Info.plist; sourceTree = "<group>"; };
		AB56B7482C99EA8800FEA9DE /* Base */ = {isa = PBXFileReference; lastKnownFileType = file.storyboard; name = Base; path = Base.lproj/LaunchScreen.storyboard; sourceTree = "<group>"; };
		AB56B74A2C99EA8800FEA9DE /* Base */ = {isa = PBXFileReference; lastKnownFileType = file.storyboard; name = Base; path = Base.lproj/Main.storyboard; sourceTree = "<group>"; };
		AB56B74C2C99EA8800FEA9DE /* SceneDelegate.swift */ = {isa = PBXFileReference; lastKnownFileType = sourcecode.swift; path = SceneDelegate.swift; sourceTree = "<group>"; };
		AB56B74D2C99EA8800FEA9DE /* ViewController.swift */ = {isa = PBXFileReference; lastKnownFileType = sourcecode.swift; path = ViewController.swift; sourceTree = "<group>"; };
		AB56B7582C99EAAC00FEA9DE /* Service.swift */ = {isa = PBXFileReference; lastKnownFileType = sourcecode.swift; path = Service.swift; sourceTree = "<group>"; };
		AB56B75B2C99EB1800FEA9DE /* Typealias.swift */ = {isa = PBXFileReference; lastKnownFileType = sourcecode.swift; path = Typealias.swift; sourceTree = "<group>"; };
		AB56B75E2C99EB5400FEA9DE /* NetworkEnums.swift */ = {isa = PBXFileReference; lastKnownFileType = sourcecode.swift; path = NetworkEnums.swift; sourceTree = "<group>"; };
		AB56B7602C99EB8C00FEA9DE /* URLSessionProtocol.swift */ = {isa = PBXFileReference; lastKnownFileType = sourcecode.swift; path = URLSessionProtocol.swift; sourceTree = "<group>"; };
		AB56B7632C99EBDA00FEA9DE /* URLComponents.swift */ = {isa = PBXFileReference; lastKnownFileType = sourcecode.swift; path = URLComponents.swift; sourceTree = "<group>"; };
		AB56B7652C99EBED00FEA9DE /* URLRequest.swift */ = {isa = PBXFileReference; lastKnownFileType = sourcecode.swift; path = URLRequest.swift; sourceTree = "<group>"; };
		AB56B7672C99EC0400FEA9DE /* URLSession.swift */ = {isa = PBXFileReference; lastKnownFileType = sourcecode.swift; path = URLSession.swift; sourceTree = "<group>"; };
		AB56B76A2C99ECBE00FEA9DE /* Response.swift */ = {isa = PBXFileReference; lastKnownFileType = sourcecode.swift; path = Response.swift; sourceTree = "<group>"; };
		AB56B76C2C99ECE100FEA9DE /* Movie.swift */ = {isa = PBXFileReference; lastKnownFileType = sourcecode.swift; path = Movie.swift; sourceTree = "<group>"; };
		AB56B76E2C99ED0600FEA9DE /* MovieDetail.swift */ = {isa = PBXFileReference; lastKnownFileType = sourcecode.swift; path = MovieDetail.swift; sourceTree = "<group>"; };
		AB56B7752C9A2E0400FEA9DE /* StoryboardInstanciable.swift */ = {isa = PBXFileReference; lastKnownFileType = sourcecode.swift; path = StoryboardInstanciable.swift; sourceTree = "<group>"; };
		AB56B7772C9A2E3100FEA9DE /* Storyboard.swift */ = {isa = PBXFileReference; lastKnownFileType = sourcecode.swift; path = Storyboard.swift; sourceTree = "<group>"; };
		AB56B7792C9A2EA800FEA9DE /* Bindable.swift */ = {isa = PBXFileReference; lastKnownFileType = sourcecode.swift; path = Bindable.swift; sourceTree = "<group>"; };
		AB56B77B2C9A2ED400FEA9DE /* Router.swift */ = {isa = PBXFileReference; lastKnownFileType = sourcecode.swift; path = Router.swift; sourceTree = "<group>"; };
		AB56B77D2C9A2F0A00FEA9DE /* Alert.swift */ = {isa = PBXFileReference; lastKnownFileType = sourcecode.swift; path = Alert.swift; sourceTree = "<group>"; };
		AB56B77F2C9A2F3300FEA9DE /* AlertBuilder.swift */ = {isa = PBXFileReference; lastKnownFileType = sourcecode.swift; path = AlertBuilder.swift; sourceTree = "<group>"; };
		AB56B7812C9A2F9E00FEA9DE /* DictionaryExtension.swift */ = {isa = PBXFileReference; lastKnownFileType = sourcecode.swift; path = DictionaryExtension.swift; sourceTree = "<group>"; };
/* End PBXFileReference section */

/* Begin PBXFileSystemSynchronizedRootGroup section */
		AB56B7202C99E55B00FEA9DE /* MovieNightTests */ = {
			isa = PBXFileSystemSynchronizedRootGroup;
			path = MovieNightTests;
			sourceTree = "<group>";
		};
		AB56B72A2C99E55B00FEA9DE /* MovieNightUITests */ = {
			isa = PBXFileSystemSynchronizedRootGroup;
			path = MovieNightUITests;
			sourceTree = "<group>";
		};
/* End PBXFileSystemSynchronizedRootGroup section */

/* Begin PBXFrameworksBuildPhase section */
		AB56B7042C99E55A00FEA9DE /* Frameworks */ = {
			isa = PBXFrameworksBuildPhase;
			buildActionMask = 2147483647;
			files = (
			);
			runOnlyForDeploymentPostprocessing = 0;
		};
		AB56B71A2C99E55B00FEA9DE /* Frameworks */ = {
			isa = PBXFrameworksBuildPhase;
			buildActionMask = 2147483647;
			files = (
			);
			runOnlyForDeploymentPostprocessing = 0;
		};
		AB56B7242C99E55B00FEA9DE /* Frameworks */ = {
			isa = PBXFrameworksBuildPhase;
			buildActionMask = 2147483647;
			files = (
			);
			runOnlyForDeploymentPostprocessing = 0;
		};
/* End PBXFrameworksBuildPhase section */

/* Begin PBXGroup section */
		AB56B6FE2C99E55900FEA9DE = {
			isa = PBXGroup;
			children = (
				AB56B74E2C99EA8800FEA9DE /* MovieNight */,
				AB56B7202C99E55B00FEA9DE /* MovieNightTests */,
				AB56B72A2C99E55B00FEA9DE /* MovieNightUITests */,
				AB56B7082C99E55A00FEA9DE /* Products */,
			);
			sourceTree = "<group>";
		};
		AB56B7082C99E55A00FEA9DE /* Products */ = {
			isa = PBXGroup;
			children = (
				AB56B7072C99E55A00FEA9DE /* MovieNight.app */,
				AB56B71D2C99E55B00FEA9DE /* MovieNightTests.xctest */,
				AB56B7272C99E55B00FEA9DE /* MovieNightUITests.xctest */,
			);
			name = Products;
			sourceTree = "<group>";
		};
		AB56B7412C99EA8800FEA9DE /* Protocols */ = {
			isa = PBXGroup;
			children = (
				AB56B7582C99EAAC00FEA9DE /* Service.swift */,
				AB56B7602C99EB8C00FEA9DE /* URLSessionProtocol.swift */,
			);
			path = Protocols;
			sourceTree = "<group>";
		};
		AB56B7442C99EA8800FEA9DE /* Network */ = {
			isa = PBXGroup;
			children = (
				AB56B7432C99EA8800FEA9DE /* NetworkConstants.swift */,
				AB56B7422C99EA8800FEA9DE /* APIClient.swift */,
				AB56B7692C99EC9F00FEA9DE /* Model */,
				AB56B7622C99EBBD00FEA9DE /* Extensions */,
				AB56B75A2C99EAF100FEA9DE /* Helpers */,
				AB56B7412C99EA8800FEA9DE /* Protocols */,
			);
			path = Network;
			sourceTree = "<group>";
		};
		AB56B74E2C99EA8800FEA9DE /* MovieNight */ = {
			isa = PBXGroup;
			children = (
				AB56B7442C99EA8800FEA9DE /* Network */,
				AB56B7702C9A2DA000FEA9DE /* Utils */,
				AB56B7462C99EA8800FEA9DE /* Assets.xcassets */,
				AB56B7492C99EA8800FEA9DE /* LaunchScreen.storyboard */,
				AB56B74B2C99EA8800FEA9DE /* Main.storyboard */,
				AB56B7472C99EA8800FEA9DE /* Info.plist */,
				AB56B7452C99EA8800FEA9DE /* AppDelegate.swift */,
				AB56B74C2C99EA8800FEA9DE /* SceneDelegate.swift */,
				AB56B74D2C99EA8800FEA9DE /* ViewController.swift */,
			);
			path = MovieNight;
			sourceTree = "<group>";
		};
		AB56B75A2C99EAF100FEA9DE /* Helpers */ = {
			isa = PBXGroup;
			children = (
				AB56B75B2C99EB1800FEA9DE /* Typealias.swift */,
				AB56B75E2C99EB5400FEA9DE /* NetworkEnums.swift */,
			);
			path = Helpers;
			sourceTree = "<group>";
		};
		AB56B7622C99EBBD00FEA9DE /* Extensions */ = {
			isa = PBXGroup;
			children = (
				AB56B7632C99EBDA00FEA9DE /* URLComponents.swift */,
				AB56B7652C99EBED00FEA9DE /* URLRequest.swift */,
				AB56B7672C99EC0400FEA9DE /* URLSession.swift */,
			);
			path = Extensions;
			sourceTree = "<group>";
		};
		AB56B7692C99EC9F00FEA9DE /* Model */ = {
			isa = PBXGroup;
			children = (
				AB56B76C2C99ECE100FEA9DE /* Movie.swift */,
				AB56B76E2C99ED0600FEA9DE /* MovieDetail.swift */,
				AB56B76A2C99ECBE00FEA9DE /* Response.swift */,
			);
			path = Model;
			sourceTree = "<group>";
		};
		AB56B7702C9A2DA000FEA9DE /* Utils */ = {
			isa = PBXGroup;
			children = (
				AB56B7792C9A2EA800FEA9DE /* Bindable.swift */,
				AB56B7732C9A2DD600FEA9DE /* UI */,
				AB56B7712C9A2DB500FEA9DE /* Extensions */,
				AB56B7722C9A2DC500FEA9DE /* Protocols */,
			);
			path = Utils;
			sourceTree = "<group>";
		};
		AB56B7712C9A2DB500FEA9DE /* Extensions */ = {
			isa = PBXGroup;
			children = (
				AB56B7812C9A2F9E00FEA9DE /* DictionaryExtension.swift */,
			);
			path = Extensions;
			sourceTree = "<group>";
		};
		AB56B7722C9A2DC500FEA9DE /* Protocols */ = {
			isa = PBXGroup;
			children = (
				AB56B7752C9A2E0400FEA9DE /* StoryboardInstanciable.swift */,
				AB56B77B2C9A2ED400FEA9DE /* Router.swift */,
			);
			path = Protocols;
			sourceTree = "<group>";
		};
		AB56B7732C9A2DD600FEA9DE /* UI */ = {
			isa = PBXGroup;
			children = (
				AB56B7742C9A2DEC00FEA9DE /* Alert */,
				AB56B7772C9A2E3100FEA9DE /* Storyboard.swift */,
			);
			path = UI;
			sourceTree = "<group>";
		};
		AB56B7742C9A2DEC00FEA9DE /* Alert */ = {
			isa = PBXGroup;
			children = (
				AB56B77D2C9A2F0A00FEA9DE /* Alert.swift */,
				AB56B77F2C9A2F3300FEA9DE /* AlertBuilder.swift */,
			);
			path = Alert;
			sourceTree = "<group>";
		};
/* End PBXGroup section */

/* Begin PBXNativeTarget section */
		AB56B7062C99E55A00FEA9DE /* MovieNight */ = {
			isa = PBXNativeTarget;
			buildConfigurationList = AB56B7302C99E55B00FEA9DE /* Build configuration list for PBXNativeTarget "MovieNight" */;
			buildPhases = (
				AB56B7032C99E55A00FEA9DE /* Sources */,
				AB56B7042C99E55A00FEA9DE /* Frameworks */,
				AB56B7052C99E55A00FEA9DE /* Resources */,
			);
			buildRules = (
			);
			dependencies = (
			);
			name = MovieNight;
			packageProductDependencies = (
			);
			productName = MovieNight;
			productReference = AB56B7072C99E55A00FEA9DE /* MovieNight.app */;
			productType = "com.apple.product-type.application";
		};
		AB56B71C2C99E55B00FEA9DE /* MovieNightTests */ = {
			isa = PBXNativeTarget;
			buildConfigurationList = AB56B7352C99E55B00FEA9DE /* Build configuration list for PBXNativeTarget "MovieNightTests" */;
			buildPhases = (
				AB56B7192C99E55B00FEA9DE /* Sources */,
				AB56B71A2C99E55B00FEA9DE /* Frameworks */,
				AB56B71B2C99E55B00FEA9DE /* Resources */,
			);
			buildRules = (
			);
			dependencies = (
				AB56B71F2C99E55B00FEA9DE /* PBXTargetDependency */,
			);
			fileSystemSynchronizedGroups = (
				AB56B7202C99E55B00FEA9DE /* MovieNightTests */,
			);
			name = MovieNightTests;
			packageProductDependencies = (
			);
			productName = MovieNightTests;
			productReference = AB56B71D2C99E55B00FEA9DE /* MovieNightTests.xctest */;
			productType = "com.apple.product-type.bundle.unit-test";
		};
		AB56B7262C99E55B00FEA9DE /* MovieNightUITests */ = {
			isa = PBXNativeTarget;
			buildConfigurationList = AB56B7382C99E55B00FEA9DE /* Build configuration list for PBXNativeTarget "MovieNightUITests" */;
			buildPhases = (
				AB56B7232C99E55B00FEA9DE /* Sources */,
				AB56B7242C99E55B00FEA9DE /* Frameworks */,
				AB56B7252C99E55B00FEA9DE /* Resources */,
			);
			buildRules = (
			);
			dependencies = (
				AB56B7292C99E55B00FEA9DE /* PBXTargetDependency */,
			);
			fileSystemSynchronizedGroups = (
				AB56B72A2C99E55B00FEA9DE /* MovieNightUITests */,
			);
			name = MovieNightUITests;
			packageProductDependencies = (
			);
			productName = MovieNightUITests;
			productReference = AB56B7272C99E55B00FEA9DE /* MovieNightUITests.xctest */;
			productType = "com.apple.product-type.bundle.ui-testing";
		};
/* End PBXNativeTarget section */

/* Begin PBXProject section */
		AB56B6FF2C99E55900FEA9DE /* Project object */ = {
			isa = PBXProject;
			attributes = {
				BuildIndependentTargetsInParallel = 1;
				LastSwiftUpdateCheck = 1600;
				LastUpgradeCheck = 1600;
				TargetAttributes = {
					AB56B7062C99E55A00FEA9DE = {
						CreatedOnToolsVersion = 16.0;
					};
					AB56B71C2C99E55B00FEA9DE = {
						CreatedOnToolsVersion = 16.0;
						TestTargetID = AB56B7062C99E55A00FEA9DE;
					};
					AB56B7262C99E55B00FEA9DE = {
						CreatedOnToolsVersion = 16.0;
						TestTargetID = AB56B7062C99E55A00FEA9DE;
					};
				};
			};
			buildConfigurationList = AB56B7022C99E55900FEA9DE /* Build configuration list for PBXProject "MovieNight" */;
			developmentRegion = en;
			hasScannedForEncodings = 0;
			knownRegions = (
				en,
				Base,
			);
			mainGroup = AB56B6FE2C99E55900FEA9DE;
			minimizedProjectReferenceProxies = 1;
			preferredProjectObjectVersion = 77;
			productRefGroup = AB56B7082C99E55A00FEA9DE /* Products */;
			projectDirPath = "";
			projectRoot = "";
			targets = (
				AB56B7062C99E55A00FEA9DE /* MovieNight */,
				AB56B71C2C99E55B00FEA9DE /* MovieNightTests */,
				AB56B7262C99E55B00FEA9DE /* MovieNightUITests */,
			);
		};
/* End PBXProject section */

/* Begin PBXResourcesBuildPhase section */
		AB56B7052C99E55A00FEA9DE /* Resources */ = {
			isa = PBXResourcesBuildPhase;
			buildActionMask = 2147483647;
			files = (
				AB56B74F2C99EA8800FEA9DE /* Assets.xcassets in Resources */,
				AB56B7512C99EA8800FEA9DE /* LaunchScreen.storyboard in Resources */,
				AB56B7522C99EA8800FEA9DE /* Main.storyboard in Resources */,
			);
			runOnlyForDeploymentPostprocessing = 0;
		};
		AB56B71B2C99E55B00FEA9DE /* Resources */ = {
			isa = PBXResourcesBuildPhase;
			buildActionMask = 2147483647;
			files = (
			);
			runOnlyForDeploymentPostprocessing = 0;
		};
		AB56B7252C99E55B00FEA9DE /* Resources */ = {
			isa = PBXResourcesBuildPhase;
			buildActionMask = 2147483647;
			files = (
			);
			runOnlyForDeploymentPostprocessing = 0;
		};
/* End PBXResourcesBuildPhase section */

/* Begin PBXSourcesBuildPhase section */
		AB56B7032C99E55A00FEA9DE /* Sources */ = {
			isa = PBXSourcesBuildPhase;
			buildActionMask = 2147483647;
			files = (
				AB56B76D2C99ECE300FEA9DE /* Movie.swift in Sources */,
				AB56B7612C99EB8F00FEA9DE /* URLSessionProtocol.swift in Sources */,
				AB56B7532C99EA8800FEA9DE /* APIClient.swift in Sources */,
				AB56B7782C9A2E3400FEA9DE /* Storyboard.swift in Sources */,
				AB56B7682C99EC0700FEA9DE /* URLSession.swift in Sources */,
				AB56B7822C9A2FA100FEA9DE /* DictionaryExtension.swift in Sources */,
				AB56B7542C99EA8800FEA9DE /* NetworkConstants.swift in Sources */,
				AB56B77C2C9A2ED600FEA9DE /* Router.swift in Sources */,
				AB56B7552C99EA8800FEA9DE /* AppDelegate.swift in Sources */,
				AB56B7562C99EA8800FEA9DE /* SceneDelegate.swift in Sources */,
				AB56B77A2C9A2EAA00FEA9DE /* Bindable.swift in Sources */,
				AB56B76B2C99ECC100FEA9DE /* Response.swift in Sources */,
				AB56B7572C99EA8800FEA9DE /* ViewController.swift in Sources */,
				AB56B7802C9A2F3500FEA9DE /* AlertBuilder.swift in Sources */,
				AB56B7592C99EAAE00FEA9DE /* Service.swift in Sources */,
				AB56B7662C99EBEF00FEA9DE /* URLRequest.swift in Sources */,
				AB56B7642C99EBDD00FEA9DE /* URLComponents.swift in Sources */,
				AB56B76F2C99ED0800FEA9DE /* MovieDetail.swift in Sources */,
				AB56B7762C9A2E0600FEA9DE /* StoryboardInstanciable.swift in Sources */,
				AB56B75C2C99EB1A00FEA9DE /* Typealias.swift in Sources */,
				AB56B77E2C9A2F0C00FEA9DE /* Alert.swift in Sources */,
				AB56B75F2C99EB5700FEA9DE /* NetworkEnums.swift in Sources */,
			);
			runOnlyForDeploymentPostprocessing = 0;
		};
		AB56B7192C99E55B00FEA9DE /* Sources */ = {
			isa = PBXSourcesBuildPhase;
			buildActionMask = 2147483647;
			files = (
			);
			runOnlyForDeploymentPostprocessing = 0;
		};
		AB56B7232C99E55B00FEA9DE /* Sources */ = {
			isa = PBXSourcesBuildPhase;
			buildActionMask = 2147483647;
			files = (
			);
			runOnlyForDeploymentPostprocessing = 0;
		};
/* End PBXSourcesBuildPhase section */

/* Begin PBXTargetDependency section */
		AB56B71F2C99E55B00FEA9DE /* PBXTargetDependency */ = {
			isa = PBXTargetDependency;
			target = AB56B7062C99E55A00FEA9DE /* MovieNight */;
			targetProxy = AB56B71E2C99E55B00FEA9DE /* PBXContainerItemProxy */;
		};
		AB56B7292C99E55B00FEA9DE /* PBXTargetDependency */ = {
			isa = PBXTargetDependency;
			target = AB56B7062C99E55A00FEA9DE /* MovieNight */;
			targetProxy = AB56B7282C99E55B00FEA9DE /* PBXContainerItemProxy */;
		};
/* End PBXTargetDependency section */

/* Begin PBXVariantGroup section */
		AB56B7492C99EA8800FEA9DE /* LaunchScreen.storyboard */ = {
			isa = PBXVariantGroup;
			children = (
				AB56B7482C99EA8800FEA9DE /* Base */,
			);
			name = LaunchScreen.storyboard;
			sourceTree = "<group>";
		};
		AB56B74B2C99EA8800FEA9DE /* Main.storyboard */ = {
			isa = PBXVariantGroup;
			children = (
				AB56B74A2C99EA8800FEA9DE /* Base */,
			);
			name = Main.storyboard;
			sourceTree = "<group>";
		};
/* End PBXVariantGroup section */

/* Begin XCBuildConfiguration section */
		AB56B7312C99E55B00FEA9DE /* Debug */ = {
			isa = XCBuildConfiguration;
			buildSettings = {
				ASSETCATALOG_COMPILER_APPICON_NAME = AppIcon;
				ASSETCATALOG_COMPILER_GLOBAL_ACCENT_COLOR_NAME = AccentColor;
				CODE_SIGN_STYLE = Automatic;
				CURRENT_PROJECT_VERSION = 1;
				GENERATE_INFOPLIST_FILE = YES;
				INFOPLIST_FILE = MovieNight/Info.plist;
				INFOPLIST_KEY_UIApplicationSupportsIndirectInputEvents = YES;
				INFOPLIST_KEY_UILaunchStoryboardName = LaunchScreen;
				INFOPLIST_KEY_UIMainStoryboardFile = Main;
				INFOPLIST_KEY_UISupportedInterfaceOrientations_iPad = "UIInterfaceOrientationPortrait UIInterfaceOrientationPortraitUpsideDown UIInterfaceOrientationLandscapeLeft UIInterfaceOrientationLandscapeRight";
				INFOPLIST_KEY_UISupportedInterfaceOrientations_iPhone = "UIInterfaceOrientationPortrait UIInterfaceOrientationLandscapeLeft UIInterfaceOrientationLandscapeRight";
				LD_RUNPATH_SEARCH_PATHS = (
					"$(inherited)",
					"@executable_path/Frameworks",
				);
				MARKETING_VERSION = 1.0;
				PRODUCT_BUNDLE_IDENTIFIER = Demo.MovieNight;
				PRODUCT_NAME = "$(TARGET_NAME)";
				SWIFT_EMIT_LOC_STRINGS = YES;
				SWIFT_VERSION = 5.0;
				TARGETED_DEVICE_FAMILY = "1,2";
			};
			name = Debug;
		};
		AB56B7322C99E55B00FEA9DE /* Release */ = {
			isa = XCBuildConfiguration;
			buildSettings = {
				ASSETCATALOG_COMPILER_APPICON_NAME = AppIcon;
				ASSETCATALOG_COMPILER_GLOBAL_ACCENT_COLOR_NAME = AccentColor;
				CODE_SIGN_STYLE = Automatic;
				CURRENT_PROJECT_VERSION = 1;
				GENERATE_INFOPLIST_FILE = YES;
				INFOPLIST_FILE = MovieNight/Info.plist;
				INFOPLIST_KEY_UIApplicationSupportsIndirectInputEvents = YES;
				INFOPLIST_KEY_UILaunchStoryboardName = LaunchScreen;
				INFOPLIST_KEY_UIMainStoryboardFile = Main;
				INFOPLIST_KEY_UISupportedInterfaceOrientations_iPad = "UIInterfaceOrientationPortrait UIInterfaceOrientationPortraitUpsideDown UIInterfaceOrientationLandscapeLeft UIInterfaceOrientationLandscapeRight";
				INFOPLIST_KEY_UISupportedInterfaceOrientations_iPhone = "UIInterfaceOrientationPortrait UIInterfaceOrientationLandscapeLeft UIInterfaceOrientationLandscapeRight";
				LD_RUNPATH_SEARCH_PATHS = (
					"$(inherited)",
					"@executable_path/Frameworks",
				);
				MARKETING_VERSION = 1.0;
				PRODUCT_BUNDLE_IDENTIFIER = Demo.MovieNight;
				PRODUCT_NAME = "$(TARGET_NAME)";
				SWIFT_EMIT_LOC_STRINGS = YES;
				SWIFT_VERSION = 5.0;
				TARGETED_DEVICE_FAMILY = "1,2";
			};
			name = Release;
		};
		AB56B7332C99E55B00FEA9DE /* Debug */ = {
			isa = XCBuildConfiguration;
			buildSettings = {
				ALWAYS_SEARCH_USER_PATHS = NO;
				ASSETCATALOG_COMPILER_GENERATE_SWIFT_ASSET_SYMBOL_EXTENSIONS = YES;
				CLANG_ANALYZER_NONNULL = YES;
				CLANG_ANALYZER_NUMBER_OBJECT_CONVERSION = YES_AGGRESSIVE;
				CLANG_CXX_LANGUAGE_STANDARD = "gnu++20";
				CLANG_ENABLE_MODULES = YES;
				CLANG_ENABLE_OBJC_ARC = YES;
				CLANG_ENABLE_OBJC_WEAK = YES;
				CLANG_WARN_BLOCK_CAPTURE_AUTORELEASING = YES;
				CLANG_WARN_BOOL_CONVERSION = YES;
				CLANG_WARN_COMMA = YES;
				CLANG_WARN_CONSTANT_CONVERSION = YES;
				CLANG_WARN_DEPRECATED_OBJC_IMPLEMENTATIONS = YES;
				CLANG_WARN_DIRECT_OBJC_ISA_USAGE = YES_ERROR;
				CLANG_WARN_DOCUMENTATION_COMMENTS = YES;
				CLANG_WARN_EMPTY_BODY = YES;
				CLANG_WARN_ENUM_CONVERSION = YES;
				CLANG_WARN_INFINITE_RECURSION = YES;
				CLANG_WARN_INT_CONVERSION = YES;
				CLANG_WARN_NON_LITERAL_NULL_CONVERSION = YES;
				CLANG_WARN_OBJC_IMPLICIT_RETAIN_SELF = YES;
				CLANG_WARN_OBJC_LITERAL_CONVERSION = YES;
				CLANG_WARN_OBJC_ROOT_CLASS = YES_ERROR;
				CLANG_WARN_QUOTED_INCLUDE_IN_FRAMEWORK_HEADER = YES;
				CLANG_WARN_RANGE_LOOP_ANALYSIS = YES;
				CLANG_WARN_STRICT_PROTOTYPES = YES;
				CLANG_WARN_SUSPICIOUS_MOVE = YES;
				CLANG_WARN_UNGUARDED_AVAILABILITY = YES_AGGRESSIVE;
				CLANG_WARN_UNREACHABLE_CODE = YES;
				CLANG_WARN__DUPLICATE_METHOD_MATCH = YES;
				COPY_PHASE_STRIP = NO;
				DEBUG_INFORMATION_FORMAT = dwarf;
				ENABLE_STRICT_OBJC_MSGSEND = YES;
				ENABLE_TESTABILITY = YES;
				ENABLE_USER_SCRIPT_SANDBOXING = YES;
				GCC_C_LANGUAGE_STANDARD = gnu17;
				GCC_DYNAMIC_NO_PIC = NO;
				GCC_NO_COMMON_BLOCKS = YES;
				GCC_OPTIMIZATION_LEVEL = 0;
				GCC_PREPROCESSOR_DEFINITIONS = (
					"DEBUG=1",
					"$(inherited)",
				);
				GCC_WARN_64_TO_32_BIT_CONVERSION = YES;
				GCC_WARN_ABOUT_RETURN_TYPE = YES_ERROR;
				GCC_WARN_UNDECLARED_SELECTOR = YES;
				GCC_WARN_UNINITIALIZED_AUTOS = YES_AGGRESSIVE;
				GCC_WARN_UNUSED_FUNCTION = YES;
				GCC_WARN_UNUSED_VARIABLE = YES;
				IPHONEOS_DEPLOYMENT_TARGET = 18.0;
				LOCALIZATION_PREFERS_STRING_CATALOGS = YES;
				MTL_ENABLE_DEBUG_INFO = INCLUDE_SOURCE;
				MTL_FAST_MATH = YES;
				ONLY_ACTIVE_ARCH = YES;
				SDKROOT = iphoneos;
				SWIFT_ACTIVE_COMPILATION_CONDITIONS = "DEBUG $(inherited)";
				SWIFT_OPTIMIZATION_LEVEL = "-Onone";
			};
			name = Debug;
		};
		AB56B7342C99E55B00FEA9DE /* Release */ = {
			isa = XCBuildConfiguration;
			buildSettings = {
				ALWAYS_SEARCH_USER_PATHS = NO;
				ASSETCATALOG_COMPILER_GENERATE_SWIFT_ASSET_SYMBOL_EXTENSIONS = YES;
				CLANG_ANALYZER_NONNULL = YES;
				CLANG_ANALYZER_NUMBER_OBJECT_CONVERSION = YES_AGGRESSIVE;
				CLANG_CXX_LANGUAGE_STANDARD = "gnu++20";
				CLANG_ENABLE_MODULES = YES;
				CLANG_ENABLE_OBJC_ARC = YES;
				CLANG_ENABLE_OBJC_WEAK = YES;
				CLANG_WARN_BLOCK_CAPTURE_AUTORELEASING = YES;
				CLANG_WARN_BOOL_CONVERSION = YES;
				CLANG_WARN_COMMA = YES;
				CLANG_WARN_CONSTANT_CONVERSION = YES;
				CLANG_WARN_DEPRECATED_OBJC_IMPLEMENTATIONS = YES;
				CLANG_WARN_DIRECT_OBJC_ISA_USAGE = YES_ERROR;
				CLANG_WARN_DOCUMENTATION_COMMENTS = YES;
				CLANG_WARN_EMPTY_BODY = YES;
				CLANG_WARN_ENUM_CONVERSION = YES;
				CLANG_WARN_INFINITE_RECURSION = YES;
				CLANG_WARN_INT_CONVERSION = YES;
				CLANG_WARN_NON_LITERAL_NULL_CONVERSION = YES;
				CLANG_WARN_OBJC_IMPLICIT_RETAIN_SELF = YES;
				CLANG_WARN_OBJC_LITERAL_CONVERSION = YES;
				CLANG_WARN_OBJC_ROOT_CLASS = YES_ERROR;
				CLANG_WARN_QUOTED_INCLUDE_IN_FRAMEWORK_HEADER = YES;
				CLANG_WARN_RANGE_LOOP_ANALYSIS = YES;
				CLANG_WARN_STRICT_PROTOTYPES = YES;
				CLANG_WARN_SUSPICIOUS_MOVE = YES;
				CLANG_WARN_UNGUARDED_AVAILABILITY = YES_AGGRESSIVE;
				CLANG_WARN_UNREACHABLE_CODE = YES;
				CLANG_WARN__DUPLICATE_METHOD_MATCH = YES;
				COPY_PHASE_STRIP = NO;
				DEBUG_INFORMATION_FORMAT = "dwarf-with-dsym";
				ENABLE_NS_ASSERTIONS = NO;
				ENABLE_STRICT_OBJC_MSGSEND = YES;
				ENABLE_USER_SCRIPT_SANDBOXING = YES;
				GCC_C_LANGUAGE_STANDARD = gnu17;
				GCC_NO_COMMON_BLOCKS = YES;
				GCC_WARN_64_TO_32_BIT_CONVERSION = YES;
				GCC_WARN_ABOUT_RETURN_TYPE = YES_ERROR;
				GCC_WARN_UNDECLARED_SELECTOR = YES;
				GCC_WARN_UNINITIALIZED_AUTOS = YES_AGGRESSIVE;
				GCC_WARN_UNUSED_FUNCTION = YES;
				GCC_WARN_UNUSED_VARIABLE = YES;
				IPHONEOS_DEPLOYMENT_TARGET = 18.0;
				LOCALIZATION_PREFERS_STRING_CATALOGS = YES;
				MTL_ENABLE_DEBUG_INFO = NO;
				MTL_FAST_MATH = YES;
				SDKROOT = iphoneos;
				SWIFT_COMPILATION_MODE = wholemodule;
				VALIDATE_PRODUCT = YES;
			};
			name = Release;
		};
		AB56B7362C99E55B00FEA9DE /* Debug */ = {
			isa = XCBuildConfiguration;
			buildSettings = {
				BUNDLE_LOADER = "$(TEST_HOST)";
				CODE_SIGN_STYLE = Automatic;
				CURRENT_PROJECT_VERSION = 1;
				GENERATE_INFOPLIST_FILE = YES;
				IPHONEOS_DEPLOYMENT_TARGET = 18.0;
				MARKETING_VERSION = 1.0;
				PRODUCT_BUNDLE_IDENTIFIER = Demo.MovieNightTests;
				PRODUCT_NAME = "$(TARGET_NAME)";
				SWIFT_EMIT_LOC_STRINGS = NO;
				SWIFT_VERSION = 5.0;
				TARGETED_DEVICE_FAMILY = "1,2";
				TEST_HOST = "$(BUILT_PRODUCTS_DIR)/MovieNight.app/$(BUNDLE_EXECUTABLE_FOLDER_PATH)/MovieNight";
			};
			name = Debug;
		};
		AB56B7372C99E55B00FEA9DE /* Release */ = {
			isa = XCBuildConfiguration;
			buildSettings = {
				BUNDLE_LOADER = "$(TEST_HOST)";
				CODE_SIGN_STYLE = Automatic;
				CURRENT_PROJECT_VERSION = 1;
				GENERATE_INFOPLIST_FILE = YES;
				IPHONEOS_DEPLOYMENT_TARGET = 18.0;
				MARKETING_VERSION = 1.0;
				PRODUCT_BUNDLE_IDENTIFIER = Demo.MovieNightTests;
				PRODUCT_NAME = "$(TARGET_NAME)";
				SWIFT_EMIT_LOC_STRINGS = NO;
				SWIFT_VERSION = 5.0;
				TARGETED_DEVICE_FAMILY = "1,2";
				TEST_HOST = "$(BUILT_PRODUCTS_DIR)/MovieNight.app/$(BUNDLE_EXECUTABLE_FOLDER_PATH)/MovieNight";
			};
			name = Release;
		};
		AB56B7392C99E55B00FEA9DE /* Debug */ = {
			isa = XCBuildConfiguration;
			buildSettings = {
				CODE_SIGN_STYLE = Automatic;
				CURRENT_PROJECT_VERSION = 1;
				GENERATE_INFOPLIST_FILE = YES;
				MARKETING_VERSION = 1.0;
				PRODUCT_BUNDLE_IDENTIFIER = Demo.MovieNightUITests;
				PRODUCT_NAME = "$(TARGET_NAME)";
				SWIFT_EMIT_LOC_STRINGS = NO;
				SWIFT_VERSION = 5.0;
				TARGETED_DEVICE_FAMILY = "1,2";
				TEST_TARGET_NAME = MovieNight;
			};
			name = Debug;
		};
		AB56B73A2C99E55B00FEA9DE /* Release */ = {
			isa = XCBuildConfiguration;
			buildSettings = {
				CODE_SIGN_STYLE = Automatic;
				CURRENT_PROJECT_VERSION = 1;
				GENERATE_INFOPLIST_FILE = YES;
				MARKETING_VERSION = 1.0;
				PRODUCT_BUNDLE_IDENTIFIER = Demo.MovieNightUITests;
				PRODUCT_NAME = "$(TARGET_NAME)";
				SWIFT_EMIT_LOC_STRINGS = NO;
				SWIFT_VERSION = 5.0;
				TARGETED_DEVICE_FAMILY = "1,2";
				TEST_TARGET_NAME = MovieNight;
			};
			name = Release;
		};
/* End XCBuildConfiguration section */

/* Begin XCConfigurationList section */
		AB56B7022C99E55900FEA9DE /* Build configuration list for PBXProject "MovieNight" */ = {
			isa = XCConfigurationList;
			buildConfigurations = (
				AB56B7332C99E55B00FEA9DE /* Debug */,
				AB56B7342C99E55B00FEA9DE /* Release */,
			);
			defaultConfigurationIsVisible = 0;
			defaultConfigurationName = Release;
		};
		AB56B7302C99E55B00FEA9DE /* Build configuration list for PBXNativeTarget "MovieNight" */ = {
			isa = XCConfigurationList;
			buildConfigurations = (
				AB56B7312C99E55B00FEA9DE /* Debug */,
				AB56B7322C99E55B00FEA9DE /* Release */,
			);
			defaultConfigurationIsVisible = 0;
			defaultConfigurationName = Release;
		};
		AB56B7352C99E55B00FEA9DE /* Build configuration list for PBXNativeTarget "MovieNightTests" */ = {
			isa = XCConfigurationList;
			buildConfigurations = (
				AB56B7362C99E55B00FEA9DE /* Debug */,
				AB56B7372C99E55B00FEA9DE /* Release */,
			);
			defaultConfigurationIsVisible = 0;
			defaultConfigurationName = Release;
		};
		AB56B7382C99E55B00FEA9DE /* Build configuration list for PBXNativeTarget "MovieNightUITests" */ = {
			isa = XCConfigurationList;
			buildConfigurations = (
				AB56B7392C99E55B00FEA9DE /* Debug */,
				AB56B73A2C99E55B00FEA9DE /* Release */,
			);
			defaultConfigurationIsVisible = 0;
			defaultConfigurationName = Release;
		};
/* End XCConfigurationList section */
	};
	rootObject = AB56B6FF2C99E55900FEA9DE /* Project object */;
}
